
Microsoft Visual Studio Solution File, Format Version 12.00
# Visual Studio Version 16
VisualStudioVersion = 16.0.30406.217
MinimumVisualStudioVersion = 10.0.40219.1
Project("{FAE04EC0-301F-11D3-BF4B-00C04F79EFBC}") = "QuestForTheUserInpu8172020", "QuestForTheUserInpu8172020.csproj", "{F09495A5-CF6A-48B2-AD3A-3412D5010BE1}"
EndProject
Global
	GlobalSection(SolutionConfigurationPlatforms) = preSolution
		Debug|Any CPU = Debug|Any CPU
		Release|Any CPU = Release|Any CPU
	EndGlobalSection
	GlobalSection(ProjectConfigurationPlatforms) = postSolution
		{F09495A5-CF6A-48B2-AD3A-3412D5010BE1}.Debug|Any CPU.ActiveCfg = Debug|Any CPU
		{F09495A5-CF6A-48B2-AD3A-3412D5010BE1}.Debug|Any CPU.Build.0 = Debug|Any CPU
		{F09495A5-CF6A-48B2-AD3A-3412D5010BE1}.Release|Any CPU.ActiveCfg = Release|Any CPU
		{F09495A5-CF6A-48B2-AD3A-3412D5010BE1}.Release|Any CPU.Build.0 = Release|Any CPU
	EndGlobalSection
	GlobalSection(SolutionProperties) = preSolution
		HideSolutionNode = FALSE
	EndGlobalSection
	GlobalSection(ExtensibilityGlobals) = postSolution
		SolutionGuid = {AADE3BD5-8E2B-4541-AC3C-D58EC62FECD9}
	EndGlobalSection
EndGlobal
